{
  "originHash" : "96a25a460ba85f139eadb87b4029dc7f09961578992f43ac5b91326223e406d9",
  "pins" : [
    {
      "identity" : "dotlottie-ios",
      "kind" : "remoteSourceControl",
      "location" : "https://github.com/LottieFiles/dotlottie-ios.git",
      "state" : {
        "branch" : "main",
        "revision" : "93565a866607dcfe37a872420567d4134d67dac1"
      }
    },
    {
      "identity" : "rive-ios",
      "kind" : "remoteSourceControl",
      "location" : "https://github.com/rive-app/rive-ios",
      "state" : {
        "revision" : "92dfc6d7ead8a26b71629a7fc51aeefb50b6613b",
        "version" : "6.20.5"
      }
    },
    {
      "identity" : "swiftsdk",
      "kind" : "remoteSourceControl",
      "location" : "https://github.com/TelemetryDeck/SwiftSDK",
      "state" : {
        "revision" : "58f436299d3f6710bcedc18aff26480aaf1879fc",
        "version" : "2.14.2"
      }
    }
  ],
  "version" : 3
}
