{
  "originHash" : "214e9d0c05f312c2b84b200ca68e5fc71347cfbc28191b30b64b9c66d4c0d63e",
  "pins" : [
    {
      "identity" : "dotlottie-ios",
      "kind" : "remoteSourceControl",
      "location" : "https://github.com/LottieFiles/dotlottie-ios.git",
      "state" : {
        "branch" : "main",
        "revision" : "93565a866607dcfe37a872420567d4134d67dac1"
      }
    },
    {
      "identity" : "rive-ios",
      "kind" : "remoteSourceControl",
      "location" : "https://github.com/rive-app/rive-ios",
      "state" : {
        "revision" : "92dfc6d7ead8a26b71629a7fc51aeefb50b6613b",
        "version" : "6.20.5"
      }
    }
  ],
  "version" : 3
}
