{
  "originHash" : "5f1522ea4b11ed3049147b2ed59d2d2249c644685d915171a6472f94bda6bb2b",
  "pins" : [
    {
      "identity" : "dotlottie-ios",
      "kind" : "remoteSourceControl",
      "location" : "https://github.com/LottieFiles/dotlottie-ios.git",
      "state" : {
        "branch" : "main",
        "revision" : "688903faef98da913951fadc8a09aa0d1be0b880"
      }
    },
    {
      "identity" : "rive-ios",
      "kind" : "remoteSourceControl",
      "location" : "https://github.com/rive-app/rive-ios",
      "state" : {
        "revision" : "51cedcaae851ea5145acbfa8b9868737c5a38d58",
        "version" : "6.17.0"
      }
    }
  ],
  "version" : 3
}
