// !$*UTF8*$!
{
	archiveVersion = 1;
	classes = {
	};
	objectVersion = 77;
	objects = {

/* Begin PBXBuildFile section */
		1470B3D42F77100D00FBAB1D /* DotLottie in Frameworks */ = {isa = PBXBuildFile; productRef = 1470B3D32F77100D00FBAB1D /* DotLottie */; };
		1473815F2F73A8470070F455 /* SeltenheitProgressRing.swift in Sources */ = {isa = PBXBuildFile; fileRef = 1473815D2F73A77C0070F455 /* SeltenheitProgressRing.swift */; };
		147B21B22F6F269C00741BF8 /* RiveRuntime in Frameworks */ = {isa = PBXBuildFile; productRef = 147B21B12F6F269C00741BF8 /* RiveRuntime */; };
/* End PBXBuildFile section */

/* Begin PBXContainerItemProxy section */
		1424D42A2F6EA14300908588 /* PBXContainerItemProxy */ = {
			isa = PBXContainerItemProxy;
			containerPortal = 1424D4142F6EA14200908588 /* Project object */;
			proxyType = 1;
			remoteGlobalIDString = 1424D41B2F6EA14200908588;
			remoteInfo = Garten_Simulation;
		};
		1424D4342F6EA14300908588 /* PBXContainerItemProxy */ = {
			isa = PBXContainerItemProxy;
			containerPortal = 1424D4142F6EA14200908588 /* Project object */;
			proxyType = 1;
			remoteGlobalIDString = 1424D41B2F6EA14200908588;
			remoteInfo = Garten_Simulation;
		};
/* End PBXContainerItemProxy section */

/* Begin PBXFileReference section */
		1424D41C2F6EA14200908588 /* Garten_Simulation.app */ = {isa = PBXFileReference; explicitFileType = wrapper.application; includeInIndex = 0; path = Garten_Simulation.app; sourceTree = BUILT_PRODUCTS_DIR; };
		1424D4292F6EA14300908588 /* Garten_SimulationTests.xctest */ = {isa = PBXFileReference; explicitFileType = wrapper.cfbundle; includeInIndex = 0; path = Garten_SimulationTests.xctest; sourceTree = BUILT_PRODUCTS_DIR; };
		1424D4332F6EA14300908588 /* Garten_SimulationUITests.xctest */ = {isa = PBXFileReference; explicitFileType = wrapper.cfbundle; includeInIndex = 0; path = Garten_SimulationUITests.xctest; sourceTree = BUILT_PRODUCTS_DIR; };
		1473815D2F73A77C0070F455 /* SeltenheitProgressRing.swift */ = {isa = PBXFileReference; lastKnownFileType = sourcecode.swift; path = SeltenheitProgressRing.swift; sourceTree = "<group>"; };
/* End PBXFileReference section */

/* Begin PBXFileSystemSynchronizedBuildFileExceptionSet section */
		145797CC2F6FED1A00C51D53 /* Exceptions for "Garten_Simulation" folder in "Garten_Simulation" target */ = {
			isa = PBXFileSystemSynchronizedBuildFileExceptionSet;
			membershipExceptions = (
				"/Localized: Localizable.strings",
				Animations/character.riv,
				Animations/fire_button.riv,
				Animations/note_book.riv,
				Animations/plant_Splash_Screen.riv,
				Animations/progress_bar.riv,
				Assets.xcassets,
				Components/AppColors.swift,
				Components/AppTypografie.swift,
				Components/DragToWater.swift,
				Components/DuolingoButton.swift,
				Components/DuolingoKaufButton.swift,
				Components/ErfolgBadgeView.swift,
				Components/GemsIcon.swift,
				Components/GruenerBanner.swift,
				Components/HerzenIcon.swift,
				Components/Item3DButton.swift,
				Components/LiquidGlassDismissButton.swift,
				Components/LiquidGlassFilterPill.swift,
				Components/PflanzenButton.swift,
				Components/PflanzenCard.swift,
				Components/PlantSelectionSheet.swift,
				Components/ScrollToTopButton.swift,
				Components/SeltenheitsBadge.swift,
				Components/StreakIcon.swift,
				Components/TrashItemCard.swift,
				Components/WetterBanner.swift,
				Components/WetterPopup.swift,
				Config/GameConstants.swift,
				ContentView.swift,
				Garten_SimulationApp.swift,
				Localization/AppStrings.swift,
				"Localization/Int+Streak.swift",
				Models/ActivePowerUp.swift,
				Models/CoinTransaction.swift,
				Models/ErfolgModel.swift,
				Models/GameDatabase.swift,
				Models/HabitModel.swift,
				Models/PflanzenSeltenheit.swift,
				Models/PflanzenStufe.swift,
				Models/ShopDetailPayload.swift,
				Models/TrashCategory.swift,
				Models/TrashItem.swift,
				Models/WeedLogic.swift,
				Models/WetterEvent.swift,
				ProfilView.swift,
				Stores/AchievementStore.swift,
				Stores/GardenStore.swift,
				Stores/PowerUpStore.swift,
				Stores/SettingsStore.swift,
				Stores/ShopStore.swift,
				Stores/StreakStore.swift,
				Views/ActivePowerUpDetailSheet.swift,
				Views/AufgabenView.swift,
				Views/GartenView.swift,
				Views/InventoryItemDetailSheet.swift,
				Views/LevelUpOverlayView.swift,
				Views/PflanzeDetailSheet.swift,
				Views/PowerUpPlantPickerSheet.swift,
				Views/Profile/CoinsDetailView.swift,
				Views/Profile/ErfolgeDetailView.swift,
				Views/Profile/PflanzenDetailView.swift,
				Views/Profile/ProfilComponents.swift,
				Views/ProfileDetailView.swift,
				Views/PurchaseSuccessOverlay.swift,
				Views/RarityLevelUpOverlay.swift,
				Views/SettingsDetailView.swift,
				Views/SettingsView.swift,
				Views/ShopItemDetailView.swift,
				Views/StreakView.swift,
				Views/UnifiedShopView.swift,
				Views/WetterDetailView.swift,
				Views/WheelOfFortuneView.swift,
			);
			target = 1424D41B2F6EA14200908588 /* Garten_Simulation */;
		};
		145797CD2F6FED1A00C51D53 /* Exceptions for "Garten_Simulation" folder in "Garten_SimulationTests" target */ = {
			isa = PBXFileSystemSynchronizedBuildFileExceptionSet;
			membershipExceptions = (
				"/Localized: Localizable.strings",
				Animations/character.riv,
				Animations/fire_button.riv,
				Animations/note_book.riv,
				Animations/plant_Splash_Screen.riv,
				Animations/progress_bar.riv,
				Assets.xcassets,
				Components/AppColors.swift,
				Components/AppTypografie.swift,
				Components/DuolingoButton.swift,
				Components/DuolingoKaufButton.swift,
				Components/ErfolgBadgeView.swift,
				Components/Item3DButton.swift,
				Components/LiquidGlassDismissButton.swift,
				Components/LiquidGlassFilterPill.swift,
				Components/PflanzenButton.swift,
				Components/PflanzenCard.swift,
				Components/PlantSelectionSheet.swift,
				Components/ScrollToTopButton.swift,
				Components/SeltenheitsBadge.swift,
				Components/StreakIcon.swift,
				Components/TrashItemCard.swift,
				Config/GameConstants.swift,
				ContentView.swift,
				Garten_SimulationApp.swift,
				Localization/AppStrings.swift,
				"Localization/Int+Streak.swift",
				Models/ActivePowerUp.swift,
				Models/CoinTransaction.swift,
				Models/ErfolgModel.swift,
				Models/GameDatabase.swift,
				Models/HabitModel.swift,
				Models/PflanzenSeltenheit.swift,
				Models/PflanzenStufe.swift,
				Models/ShopDetailPayload.swift,
				Models/TrashCategory.swift,
				Models/TrashItem.swift,
				Models/WeedLogic.swift,
				Models/WetterEvent.swift,
				ProfilView.swift,
				Stores/AchievementStore.swift,
				Stores/GardenStore.swift,
				Stores/PowerUpStore.swift,
				Stores/SettingsStore.swift,
				Stores/ShopStore.swift,
				Stores/StreakStore.swift,
				Views/ActivePowerUpDetailSheet.swift,
				Views/AufgabenView.swift,
				Views/GartenView.swift,
				Views/InventoryItemDetailSheet.swift,
				Views/LevelUpOverlayView.swift,
				Views/PflanzeDetailSheet.swift,
				Views/PowerUpPlantPickerSheet.swift,
				Views/Profile/CoinsDetailView.swift,
				Views/Profile/ErfolgeDetailView.swift,
				Views/Profile/PflanzenDetailView.swift,
				Views/Profile/ProfilComponents.swift,
				Views/ProfileDetailView.swift,
				Views/PurchaseSuccessOverlay.swift,
				Views/RarityLevelUpOverlay.swift,
				Views/SettingsDetailView.swift,
				Views/SettingsView.swift,
				Views/ShopItemDetailView.swift,
				Views/StreakView.swift,
				Views/UnifiedShopView.swift,
				Views/WetterDetailView.swift,
				Views/WheelOfFortuneView.swift,
			);
			target = 1424D4282F6EA14300908588 /* Garten_SimulationTests */;
		};
/* End PBXFileSystemSynchronizedBuildFileExceptionSet section */

/* Begin PBXFileSystemSynchronizedRootGroup section */
		1424D42C2F6EA14300908588 /* Garten_SimulationTests */ = {
			isa = PBXFileSystemSynchronizedRootGroup;
			path = Garten_SimulationTests;
			sourceTree = "<group>";
		};
		1424D4362F6EA14300908588 /* Garten_SimulationUITests */ = {
			isa = PBXFileSystemSynchronizedRootGroup;
			path = Garten_SimulationUITests;
			sourceTree = "<group>";
		};
		145797BB2F6FED1A00C51D53 /* Garten_Simulation */ = {
			isa = PBXFileSystemSynchronizedRootGroup;
			exceptions = (
				145797CC2F6FED1A00C51D53 /* Exceptions for "Garten_Simulation" folder in "Garten_Simulation" target */,
				145797CD2F6FED1A00C51D53 /* Exceptions for "Garten_Simulation" folder in "Garten_SimulationTests" target */,
			);
			path = Garten_Simulation;
			sourceTree = "<group>";
		};
/* End PBXFileSystemSynchronizedRootGroup section */

/* Begin PBXFrameworksBuildPhase section */
		1424D4192F6EA14200908588 /* Frameworks */ = {
			isa = PBXFrameworksBuildPhase;
			buildActionMask = 2147483647;
			files = (
				147B21B22F6F269C00741BF8 /* RiveRuntime in Frameworks */,
				1470B3D42F77100D00FBAB1D /* DotLottie in Frameworks */,
			);
			runOnlyForDeploymentPostprocessing = 0;
		};
		1424D4262F6EA14300908588 /* Frameworks */ = {
			isa = PBXFrameworksBuildPhase;
			buildActionMask = 2147483647;
			files = (
			);
			runOnlyForDeploymentPostprocessing = 0;
		};
		1424D4302F6EA14300908588 /* Frameworks */ = {
			isa = PBXFrameworksBuildPhase;
			buildActionMask = 2147483647;
			files = (
			);
			runOnlyForDeploymentPostprocessing = 0;
		};
/* End PBXFrameworksBuildPhase section */

/* Begin PBXGroup section */
		1424D4132F6EA14200908588 = {
			isa = PBXGroup;
			children = (
				145797BB2F6FED1A00C51D53 /* Garten_Simulation */,
				1424D42C2F6EA14300908588 /* Garten_SimulationTests */,
				1424D4362F6EA14300908588 /* Garten_SimulationUITests */,
				147B21B02F6F269C00741BF8 /* Frameworks */,
				1424D41D2F6EA14200908588 /* Products */,
				1473815D2F73A77C0070F455 /* SeltenheitProgressRing.swift */,
			);
			sourceTree = "<group>";
		};
		1424D41D2F6EA14200908588 /* Products */ = {
			isa = PBXGroup;
			children = (
				1424D41C2F6EA14200908588 /* Garten_Simulation.app */,
				1424D4292F6EA14300908588 /* Garten_SimulationTests.xctest */,
				1424D4332F6EA14300908588 /* Garten_SimulationUITests.xctest */,
			);
			name = Products;
			sourceTree = "<group>";
		};
		147B21B02F6F269C00741BF8 /* Frameworks */ = {
			isa = PBXGroup;
			children = (
			);
			name = Frameworks;
			sourceTree = "<group>";
		};
/* End PBXGroup section */

/* Begin PBXNativeTarget section */
		1424D41B2F6EA14200908588 /* Garten_Simulation */ = {
			isa = PBXNativeTarget;
			buildConfigurationList = 1424D43D2F6EA14300908588 /* Build configuration list for PBXNativeTarget "Garten_Simulation" */;
			buildPhases = (
				1424D4182F6EA14200908588 /* Sources */,
				1424D4192F6EA14200908588 /* Frameworks */,
				1424D41A2F6EA14200908588 /* Resources */,
			);
			buildRules = (
			);
			dependencies = (
			);
			name = Garten_Simulation;
			packageProductDependencies = (
				147B21B12F6F269C00741BF8 /* RiveRuntime */,
				1470B3D32F77100D00FBAB1D /* DotLottie */,
			);
			productName = Garten_Simulation;
			productReference = 1424D41C2F6EA14200908588 /* Garten_Simulation.app */;
			productType = "com.apple.product-type.application";
		};
		1424D4282F6EA14300908588 /* Garten_SimulationTests */ = {
			isa = PBXNativeTarget;
			buildConfigurationList = 1424D4402F6EA14300908588 /* Build configuration list for PBXNativeTarget "Garten_SimulationTests" */;
			buildPhases = (
				1424D4252F6EA14300908588 /* Sources */,
				1424D4262F6EA14300908588 /* Frameworks */,
				1424D4272F6EA14300908588 /* Resources */,
			);
			buildRules = (
			);
			dependencies = (
				1424D42B2F6EA14300908588 /* PBXTargetDependency */,
			);
			fileSystemSynchronizedGroups = (
				1424D42C2F6EA14300908588 /* Garten_SimulationTests */,
				145797BB2F6FED1A00C51D53 /* Garten_Simulation */,
			);
			name = Garten_SimulationTests;
			packageProductDependencies = (
			);
			productName = Garten_SimulationTests;
			productReference = 1424D4292F6EA14300908588 /* Garten_SimulationTests.xctest */;
			productType = "com.apple.product-type.bundle.unit-test";
		};
		1424D4322F6EA14300908588 /* Garten_SimulationUITests */ = {
			isa = PBXNativeTarget;
			buildConfigurationList = 1424D4432F6EA14300908588 /* Build configuration list for PBXNativeTarget "Garten_SimulationUITests" */;
			buildPhases = (
				1424D42F2F6EA14300908588 /* Sources */,
				1424D4302F6EA14300908588 /* Frameworks */,
				1424D4312F6EA14300908588 /* Resources */,
			);
			buildRules = (
			);
			dependencies = (
				1424D4352F6EA14300908588 /* PBXTargetDependency */,
			);
			fileSystemSynchronizedGroups = (
				1424D4362F6EA14300908588 /* Garten_SimulationUITests */,
			);
			name = Garten_SimulationUITests;
			packageProductDependencies = (
			);
			productName = Garten_SimulationUITests;
			productReference = 1424D4332F6EA14300908588 /* Garten_SimulationUITests.xctest */;
			productType = "com.apple.product-type.bundle.ui-testing";
		};
/* End PBXNativeTarget section */

/* Begin PBXProject section */
		1424D4142F6EA14200908588 /* Project object */ = {
			isa = PBXProject;
			attributes = {
				BuildIndependentTargetsInParallel = 1;
				LastSwiftUpdateCheck = 2630;
				LastUpgradeCheck = 2640;
				TargetAttributes = {
					1424D41B2F6EA14200908588 = {
						CreatedOnToolsVersion = 26.3;
					};
					1424D4282F6EA14300908588 = {
						CreatedOnToolsVersion = 26.3;
						TestTargetID = 1424D41B2F6EA14200908588;
					};
					1424D4322F6EA14300908588 = {
						CreatedOnToolsVersion = 26.3;
						TestTargetID = 1424D41B2F6EA14200908588;
					};
				};
			};
			buildConfigurationList = 1424D4172F6EA14200908588 /* Build configuration list for PBXProject "Garten_Simulation" */;
			developmentRegion = en;
			hasScannedForEncodings = 0;
			knownRegions = (
				en,
				Base,
				de,
			);
			mainGroup = 1424D4132F6EA14200908588;
			minimizedProjectReferenceProxies = 1;
			packageReferences = (
				147B218A2F6EEB9A00741BF8 /* XCRemoteSwiftPackageReference "rive-ios" */,
				1470B3D22F77100D00FBAB1D /* XCRemoteSwiftPackageReference "dotlottie-ios" */,
			);
			preferredProjectObjectVersion = 77;
			productRefGroup = 1424D41D2F6EA14200908588 /* Products */;
			projectDirPath = "";
			projectRoot = "";
			targets = (
				1424D41B2F6EA14200908588 /* Garten_Simulation */,
				1424D4282F6EA14300908588 /* Garten_SimulationTests */,
				1424D4322F6EA14300908588 /* Garten_SimulationUITests */,
			);
		};
/* End PBXProject section */

/* Begin PBXResourcesBuildPhase section */
		1424D41A2F6EA14200908588 /* Resources */ = {
			isa = PBXResourcesBuildPhase;
			buildActionMask = 2147483647;
			files = (
			);
			runOnlyForDeploymentPostprocessing = 0;
		};
		1424D4272F6EA14300908588 /* Resources */ = {
			isa = PBXResourcesBuildPhase;
			buildActionMask = 2147483647;
			files = (
			);
			runOnlyForDeploymentPostprocessing = 0;
		};
		1424D4312F6EA14300908588 /* Resources */ = {
			isa = PBXResourcesBuildPhase;
			buildActionMask = 2147483647;
			files = (
			);
			runOnlyForDeploymentPostprocessing = 0;
		};
/* End PBXResourcesBuildPhase section */

/* Begin PBXSourcesBuildPhase section */
		1424D4182F6EA14200908588 /* Sources */ = {
			isa = PBXSourcesBuildPhase;
			buildActionMask = 2147483647;
			files = (
				1473815F2F73A8470070F455 /* SeltenheitProgressRing.swift in Sources */,
			);
			runOnlyForDeploymentPostprocessing = 0;
		};
		1424D4252F6EA14300908588 /* Sources */ = {
			isa = PBXSourcesBuildPhase;
			buildActionMask = 2147483647;
			files = (
			);
			runOnlyForDeploymentPostprocessing = 0;
		};
		1424D42F2F6EA14300908588 /* Sources */ = {
			isa = PBXSourcesBuildPhase;
			buildActionMask = 2147483647;
			files = (
			);
			runOnlyForDeploymentPostprocessing = 0;
		};
/* End PBXSourcesBuildPhase section */

/* Begin PBXTargetDependency section */
		1424D42B2F6EA14300908588 /* PBXTargetDependency */ = {
			isa = PBXTargetDependency;
			target = 1424D41B2F6EA14200908588 /* Garten_Simulation */;
			targetProxy = 1424D42A2F6EA14300908588 /* PBXContainerItemProxy */;
		};
		1424D4352F6EA14300908588 /* PBXTargetDependency */ = {
			isa = PBXTargetDependency;
			target = 1424D41B2F6EA14200908588 /* Garten_Simulation */;
			targetProxy = 1424D4342F6EA14300908588 /* PBXContainerItemProxy */;
		};
/* End PBXTargetDependency section */

/* Begin XCBuildConfiguration section */
		1424D43B2F6EA14300908588 /* Debug */ = {
			isa = XCBuildConfiguration;
			buildSettings = {
				ALWAYS_SEARCH_USER_PATHS = NO;
				ASSETCATALOG_COMPILER_GENERATE_SWIFT_ASSET_SYMBOL_EXTENSIONS = YES;
				CLANG_ANALYZER_LOCALIZABILITY_NONLOCALIZED = YES;
				CLANG_ANALYZER_NONNULL = YES;
				CLANG_ANALYZER_NUMBER_OBJECT_CONVERSION = YES_AGGRESSIVE;
				CLANG_CXX_LANGUAGE_STANDARD = "gnu++20";
				CLANG_ENABLE_MODULES = YES;
				CLANG_ENABLE_OBJC_ARC = YES;
				CLANG_ENABLE_OBJC_WEAK = YES;
				CLANG_WARN_BLOCK_CAPTURE_AUTORELEASING = YES;
				CLANG_WARN_BOOL_CONVERSION = YES;
				CLANG_WARN_COMMA = YES;
				CLANG_WARN_CONSTANT_CONVERSION = YES;
				CLANG_WARN_DEPRECATED_OBJC_IMPLEMENTATIONS = YES;
				CLANG_WARN_DIRECT_OBJC_ISA_USAGE = YES_ERROR;
				CLANG_WARN_DOCUMENTATION_COMMENTS = YES;
				CLANG_WARN_EMPTY_BODY = YES;
				CLANG_WARN_ENUM_CONVERSION = YES;
				CLANG_WARN_INFINITE_RECURSION = YES;
				CLANG_WARN_INT_CONVERSION = YES;
				CLANG_WARN_NON_LITERAL_NULL_CONVERSION = YES;
				CLANG_WARN_OBJC_IMPLICIT_RETAIN_SELF = YES;
				CLANG_WARN_OBJC_LITERAL_CONVERSION = YES;
				CLANG_WARN_OBJC_ROOT_CLASS = YES_ERROR;
				CLANG_WARN_QUOTED_INCLUDE_IN_FRAMEWORK_HEADER = YES;
				CLANG_WARN_RANGE_LOOP_ANALYSIS = YES;
				CLANG_WARN_STRICT_PROTOTYPES = YES;
				CLANG_WARN_SUSPICIOUS_MOVE = YES;
				CLANG_WARN_UNGUARDED_AVAILABILITY = YES_AGGRESSIVE;
				CLANG_WARN_UNREACHABLE_CODE = YES;
				CLANG_WARN__DUPLICATE_METHOD_MATCH = YES;
				COPY_PHASE_STRIP = NO;
				DEBUG_INFORMATION_FORMAT = dwarf;
				ENABLE_STRICT_OBJC_MSGSEND = YES;
				ENABLE_TESTABILITY = YES;
				ENABLE_USER_SCRIPT_SANDBOXING = YES;
				GCC_C_LANGUAGE_STANDARD = gnu17;
				GCC_DYNAMIC_NO_PIC = NO;
				GCC_NO_COMMON_BLOCKS = YES;
				GCC_OPTIMIZATION_LEVEL = 0;
				GCC_PREPROCESSOR_DEFINITIONS = (
					"DEBUG=1",
					"$(inherited)",
				);
				GCC_WARN_64_TO_32_BIT_CONVERSION = YES;
				GCC_WARN_ABOUT_RETURN_TYPE = YES_ERROR;
				GCC_WARN_UNDECLARED_SELECTOR = YES;
				GCC_WARN_UNINITIALIZED_AUTOS = YES_AGGRESSIVE;
				GCC_WARN_UNUSED_FUNCTION = YES;
				GCC_WARN_UNUSED_VARIABLE = YES;
				IPHONEOS_DEPLOYMENT_TARGET = 26.2;
				LOCALIZATION_PREFERS_STRING_CATALOGS = YES;
				MTL_ENABLE_DEBUG_INFO = INCLUDE_SOURCE;
				MTL_FAST_MATH = YES;
				ONLY_ACTIVE_ARCH = YES;
				SDKROOT = iphoneos;
				STRING_CATALOG_GENERATE_SYMBOLS = YES;
				SWIFT_ACTIVE_COMPILATION_CONDITIONS = "DEBUG $(inherited)";
				SWIFT_OPTIMIZATION_LEVEL = "-Onone";
			};
			name = Debug;
		};
		1424D43C2F6EA14300908588 /* Release */ = {
			isa = XCBuildConfiguration;
			buildSettings = {
				ALWAYS_SEARCH_USER_PATHS = NO;
				ASSETCATALOG_COMPILER_GENERATE_SWIFT_ASSET_SYMBOL_EXTENSIONS = YES;
				CLANG_ANALYZER_LOCALIZABILITY_NONLOCALIZED = YES;
				CLANG_ANALYZER_NONNULL = YES;
				CLANG_ANALYZER_NUMBER_OBJECT_CONVERSION = YES_AGGRESSIVE;
				CLANG_CXX_LANGUAGE_STANDARD = "gnu++20";
				CLANG_ENABLE_MODULES = YES;
				CLANG_ENABLE_OBJC_ARC = YES;
				CLANG_ENABLE_OBJC_WEAK = YES;
				CLANG_WARN_BLOCK_CAPTURE_AUTORELEASING = YES;
				CLANG_WARN_BOOL_CONVERSION = YES;
				CLANG_WARN_COMMA = YES;
				CLANG_WARN_CONSTANT_CONVERSION = YES;
				CLANG_WARN_DEPRECATED_OBJC_IMPLEMENTATIONS = YES;
				CLANG_WARN_DIRECT_OBJC_ISA_USAGE = YES_ERROR;
				CLANG_WARN_DOCUMENTATION_COMMENTS = YES;
				CLANG_WARN_EMPTY_BODY = YES;
				CLANG_WARN_ENUM_CONVERSION = YES;
				CLANG_WARN_INFINITE_RECURSION = YES;
				CLANG_WARN_INT_CONVERSION = YES;
				CLANG_WARN_NON_LITERAL_NULL_CONVERSION = YES;
				CLANG_WARN_OBJC_IMPLICIT_RETAIN_SELF = YES;
				CLANG_WARN_OBJC_LITERAL_CONVERSION = YES;
				CLANG_WARN_OBJC_ROOT_CLASS = YES_ERROR;
				CLANG_WARN_QUOTED_INCLUDE_IN_FRAMEWORK_HEADER = YES;
				CLANG_WARN_RANGE_LOOP_ANALYSIS = YES;
				CLANG_WARN_STRICT_PROTOTYPES = YES;
				CLANG_WARN_SUSPICIOUS_MOVE = YES;
				CLANG_WARN_UNGUARDED_AVAILABILITY = YES_AGGRESSIVE;
				CLANG_WARN_UNREACHABLE_CODE = YES;
				CLANG_WARN__DUPLICATE_METHOD_MATCH = YES;
				COPY_PHASE_STRIP = NO;
				DEBUG_INFORMATION_FORMAT = "dwarf-with-dsym";
				ENABLE_NS_ASSERTIONS = NO;
				ENABLE_STRICT_OBJC_MSGSEND = YES;
				ENABLE_USER_SCRIPT_SANDBOXING = YES;
				GCC_C_LANGUAGE_STANDARD = gnu17;
				GCC_NO_COMMON_BLOCKS = YES;
				GCC_WARN_64_TO_32_BIT_CONVERSION = YES;
				GCC_WARN_ABOUT_RETURN_TYPE = YES_ERROR;
				GCC_WARN_UNDECLARED_SELECTOR = YES;
				GCC_WARN_UNINITIALIZED_AUTOS = YES_AGGRESSIVE;
				GCC_WARN_UNUSED_FUNCTION = YES;
				GCC_WARN_UNUSED_VARIABLE = YES;
				IPHONEOS_DEPLOYMENT_TARGET = 26.2;
				LOCALIZATION_PREFERS_STRING_CATALOGS = YES;
				MTL_ENABLE_DEBUG_INFO = NO;
				MTL_FAST_MATH = YES;
				SDKROOT = iphoneos;
				STRING_CATALOG_GENERATE_SYMBOLS = YES;
				SWIFT_COMPILATION_MODE = wholemodule;
				VALIDATE_PRODUCT = YES;
			};
			name = Release;
		};
		1424D43E2F6EA14300908588 /* Debug */ = {
			isa = XCBuildConfiguration;
			buildSettings = {
				ASSETCATALOG_COMPILER_APPICON_NAME = AppIcon;
				ASSETCATALOG_COMPILER_GLOBAL_ACCENT_COLOR_NAME = AccentColor;
				CODE_SIGN_STYLE = Automatic;
				CURRENT_PROJECT_VERSION = 1;
				DEVELOPMENT_TEAM = R2ZRSFCKZ5;
				ENABLE_PREVIEWS = YES;
				GENERATE_INFOPLIST_FILE = YES;
				INFOPLIST_KEY_UIApplicationSceneManifest_Generation = YES;
				INFOPLIST_KEY_UIApplicationSupportsIndirectInputEvents = YES;
				INFOPLIST_KEY_UILaunchScreen_Generation = YES;
				INFOPLIST_KEY_UISupportedInterfaceOrientations_iPad = "UIInterfaceOrientationPortrait UIInterfaceOrientationPortraitUpsideDown UIInterfaceOrientationLandscapeLeft UIInterfaceOrientationLandscapeRight";
				INFOPLIST_KEY_UISupportedInterfaceOrientations_iPhone = "UIInterfaceOrientationPortrait UIInterfaceOrientationLandscapeLeft UIInterfaceOrientationLandscapeRight";
				LD_RUNPATH_SEARCH_PATHS = (
					"$(inherited)",
					"@executable_path/Frameworks",
				);
				MARKETING_VERSION = 1.0;
				PRODUCT_BUNDLE_IDENTIFIER = "com.Garten-Simulation";
				PRODUCT_NAME = "$(TARGET_NAME)";
				STRING_CATALOG_GENERATE_SYMBOLS = YES;
				SWIFT_APPROACHABLE_CONCURRENCY = YES;
				SWIFT_DEFAULT_ACTOR_ISOLATION = MainActor;
				SWIFT_EMIT_LOC_STRINGS = YES;
				SWIFT_UPCOMING_FEATURE_MEMBER_IMPORT_VISIBILITY = YES;
				SWIFT_VERSION = 5.0;
				TARGETED_DEVICE_FAMILY = "1,2";
			};
			name = Debug;
		};
		1424D43F2F6EA14300908588 /* Release */ = {
			isa = XCBuildConfiguration;
			buildSettings = {
				ASSETCATALOG_COMPILER_APPICON_NAME = AppIcon;
				ASSETCATALOG_COMPILER_GLOBAL_ACCENT_COLOR_NAME = AccentColor;
				CODE_SIGN_STYLE = Automatic;
				CURRENT_PROJECT_VERSION = 1;
				DEVELOPMENT_TEAM = R2ZRSFCKZ5;
				ENABLE_PREVIEWS = YES;
				GENERATE_INFOPLIST_FILE = YES;
				INFOPLIST_KEY_UIApplicationSceneManifest_Generation = YES;
				INFOPLIST_KEY_UIApplicationSupportsIndirectInputEvents = YES;
				INFOPLIST_KEY_UILaunchScreen_Generation = YES;
				INFOPLIST_KEY_UISupportedInterfaceOrientations_iPad = "UIInterfaceOrientationPortrait UIInterfaceOrientationPortraitUpsideDown UIInterfaceOrientationLandscapeLeft UIInterfaceOrientationLandscapeRight";
				INFOPLIST_KEY_UISupportedInterfaceOrientations_iPhone = "UIInterfaceOrientationPortrait UIInterfaceOrientationLandscapeLeft UIInterfaceOrientationLandscapeRight";
				LD_RUNPATH_SEARCH_PATHS = (
					"$(inherited)",
					"@executable_path/Frameworks",
				);
				MARKETING_VERSION = 1.0;
				PRODUCT_BUNDLE_IDENTIFIER = "com.Garten-Simulation";
				PRODUCT_NAME = "$(TARGET_NAME)";
				STRING_CATALOG_GENERATE_SYMBOLS = YES;
				SWIFT_APPROACHABLE_CONCURRENCY = YES;
				SWIFT_DEFAULT_ACTOR_ISOLATION = MainActor;
				SWIFT_EMIT_LOC_STRINGS = YES;
				SWIFT_UPCOMING_FEATURE_MEMBER_IMPORT_VISIBILITY = YES;
				SWIFT_VERSION = 5.0;
				TARGETED_DEVICE_FAMILY = "1,2";
			};
			name = Release;
		};
		1424D4412F6EA14300908588 /* Debug */ = {
			isa = XCBuildConfiguration;
			buildSettings = {
				BUNDLE_LOADER = "$(TEST_HOST)";
				CODE_SIGN_STYLE = Automatic;
				CURRENT_PROJECT_VERSION = 1;
				GENERATE_INFOPLIST_FILE = YES;
				IPHONEOS_DEPLOYMENT_TARGET = 26.2;
				MARKETING_VERSION = 1.0;
				PRODUCT_BUNDLE_IDENTIFIER = "com.Garten-SimulationTests";
				PRODUCT_NAME = "$(TARGET_NAME)";
				STRING_CATALOG_GENERATE_SYMBOLS = NO;
				SWIFT_APPROACHABLE_CONCURRENCY = YES;
				SWIFT_EMIT_LOC_STRINGS = NO;
				SWIFT_UPCOMING_FEATURE_MEMBER_IMPORT_VISIBILITY = YES;
				SWIFT_VERSION = 5.0;
				TARGETED_DEVICE_FAMILY = "1,2";
				TEST_HOST = "$(BUILT_PRODUCTS_DIR)/Garten_Simulation.app/$(BUNDLE_EXECUTABLE_FOLDER_PATH)/Garten_Simulation";
			};
			name = Debug;
		};
		1424D4422F6EA14300908588 /* Release */ = {
			isa = XCBuildConfiguration;
			buildSettings = {
				BUNDLE_LOADER = "$(TEST_HOST)";
				CODE_SIGN_STYLE = Automatic;
				CURRENT_PROJECT_VERSION = 1;
				GENERATE_INFOPLIST_FILE = YES;
				IPHONEOS_DEPLOYMENT_TARGET = 26.2;
				MARKETING_VERSION = 1.0;
				PRODUCT_BUNDLE_IDENTIFIER = "com.Garten-SimulationTests";
				PRODUCT_NAME = "$(TARGET_NAME)";
				STRING_CATALOG_GENERATE_SYMBOLS = NO;
				SWIFT_APPROACHABLE_CONCURRENCY = YES;
				SWIFT_EMIT_LOC_STRINGS = NO;
				SWIFT_UPCOMING_FEATURE_MEMBER_IMPORT_VISIBILITY = YES;
				SWIFT_VERSION = 5.0;
				TARGETED_DEVICE_FAMILY = "1,2";
				TEST_HOST = "$(BUILT_PRODUCTS_DIR)/Garten_Simulation.app/$(BUNDLE_EXECUTABLE_FOLDER_PATH)/Garten_Simulation";
			};
			name = Release;
		};
		1424D4442F6EA14300908588 /* Debug */ = {
			isa = XCBuildConfiguration;
			buildSettings = {
				CODE_SIGN_STYLE = Automatic;
				CURRENT_PROJECT_VERSION = 1;
				GENERATE_INFOPLIST_FILE = YES;
				MARKETING_VERSION = 1.0;
				PRODUCT_BUNDLE_IDENTIFIER = "com.Garten-SimulationUITests";
				PRODUCT_NAME = "$(TARGET_NAME)";
				STRING_CATALOG_GENERATE_SYMBOLS = NO;
				SWIFT_APPROACHABLE_CONCURRENCY = YES;
				SWIFT_EMIT_LOC_STRINGS = NO;
				SWIFT_UPCOMING_FEATURE_MEMBER_IMPORT_VISIBILITY = YES;
				SWIFT_VERSION = 5.0;
				TARGETED_DEVICE_FAMILY = "1,2";
				TEST_TARGET_NAME = Garten_Simulation;
			};
			name = Debug;
		};
		1424D4452F6EA14300908588 /* Release */ = {
			isa = XCBuildConfiguration;
			buildSettings = {
				CODE_SIGN_STYLE = Automatic;
				CURRENT_PROJECT_VERSION = 1;
				GENERATE_INFOPLIST_FILE = YES;
				MARKETING_VERSION = 1.0;
				PRODUCT_BUNDLE_IDENTIFIER = "com.Garten-SimulationUITests";
				PRODUCT_NAME = "$(TARGET_NAME)";
				STRING_CATALOG_GENERATE_SYMBOLS = NO;
				SWIFT_APPROACHABLE_CONCURRENCY = YES;
				SWIFT_EMIT_LOC_STRINGS = NO;
				SWIFT_UPCOMING_FEATURE_MEMBER_IMPORT_VISIBILITY = YES;
				SWIFT_VERSION = 5.0;
				TARGETED_DEVICE_FAMILY = "1,2";
				TEST_TARGET_NAME = Garten_Simulation;
			};
			name = Release;
		};
/* End XCBuildConfiguration section */

/* Begin XCConfigurationList section */
		1424D4172F6EA14200908588 /* Build configuration list for PBXProject "Garten_Simulation" */ = {
			isa = XCConfigurationList;
			buildConfigurations = (
				1424D43B2F6EA14300908588 /* Debug */,
				1424D43C2F6EA14300908588 /* Release */,
			);
			defaultConfigurationIsVisible = 0;
			defaultConfigurationName = Release;
		};
		1424D43D2F6EA14300908588 /* Build configuration list for PBXNativeTarget "Garten_Simulation" */ = {
			isa = XCConfigurationList;
			buildConfigurations = (
				1424D43E2F6EA14300908588 /* Debug */,
				1424D43F2F6EA14300908588 /* Release */,
			);
			defaultConfigurationIsVisible = 0;
			defaultConfigurationName = Release;
		};
		1424D4402F6EA14300908588 /* Build configuration list for PBXNativeTarget "Garten_SimulationTests" */ = {
			isa = XCConfigurationList;
			buildConfigurations = (
				1424D4412F6EA14300908588 /* Debug */,
				1424D4422F6EA14300908588 /* Release */,
			);
			defaultConfigurationIsVisible = 0;
			defaultConfigurationName = Release;
		};
		1424D4432F6EA14300908588 /* Build configuration list for PBXNativeTarget "Garten_SimulationUITests" */ = {
			isa = XCConfigurationList;
			buildConfigurations = (
				1424D4442F6EA14300908588 /* Debug */,
				1424D4452F6EA14300908588 /* Release */,
			);
			defaultConfigurationIsVisible = 0;
			defaultConfigurationName = Release;
		};
/* End XCConfigurationList section */

/* Begin XCRemoteSwiftPackageReference section */
		1470B3D22F77100D00FBAB1D /* XCRemoteSwiftPackageReference "dotlottie-ios" */ = {
			isa = XCRemoteSwiftPackageReference;
			repositoryURL = "https://github.com/LottieFiles/dotlottie-ios.git";
			requirement = {
				branch = main;
				kind = branch;
			};
		};
		147B218A2F6EEB9A00741BF8 /* XCRemoteSwiftPackageReference "rive-ios" */ = {
			isa = XCRemoteSwiftPackageReference;
			repositoryURL = "https://github.com/rive-app/rive-ios";
			requirement = {
				kind = upToNextMajorVersion;
				minimumVersion = 6.17.0;
			};
		};
/* End XCRemoteSwiftPackageReference section */

/* Begin XCSwiftPackageProductDependency section */
		1470B3D32F77100D00FBAB1D /* DotLottie */ = {
			isa = XCSwiftPackageProductDependency;
			package = 1470B3D22F77100D00FBAB1D /* XCRemoteSwiftPackageReference "dotlottie-ios" */;
			productName = DotLottie;
		};
		147B21B12F6F269C00741BF8 /* RiveRuntime */ = {
			isa = XCSwiftPackageProductDependency;
			package = 147B218A2F6EEB9A00741BF8 /* XCRemoteSwiftPackageReference "rive-ios" */;
			productName = RiveRuntime;
		};
/* End XCSwiftPackageProductDependency section */
	};
	rootObject = 1424D4142F6EA14200908588 /* Project object */;
}
